
Microsoft Visual Studio Solution File, Format Version 12.00
# Visual Studio Version 16
VisualStudioVersion = 16.0.29020.237
MinimumVisualStudioVersion = 10.0.40219.1
Project("{FAE04EC0-301F-11D3-BF4B-00C04F79EFBC}") = "SQLTEST", "SQLTEST\SQLTEST.csproj", "{CCDD0DB8-D5C2-403F-93E5-633629C4B967}"
EndProject
Global
	GlobalSection(SolutionConfigurationPlatforms) = preSolution
		Debug|Any CPU = Debug|Any CPU
		Release|Any CPU = Release|Any CPU
	EndGlobalSection
	GlobalSection(ProjectConfigurationPlatforms) = postSolution
		{CCDD0DB8-D5C2-403F-93E5-633629C4B967}.Debug|Any CPU.ActiveCfg = Debug|Any CPU
		{CCDD0DB8-D5C2-403F-93E5-633629C4B967}.Debug|Any CPU.Build.0 = Debug|Any CPU
		{CCDD0DB8-D5C2-403F-93E5-633629C4B967}.Release|Any CPU.ActiveCfg = Release|Any CPU
		{CCDD0DB8-D5C2-403F-93E5-633629C4B967}.Release|Any CPU.Build.0 = Release|Any CPU
	EndGlobalSection
	GlobalSection(SolutionProperties) = preSolution
		HideSolutionNode = FALSE
	EndGlobalSection
	GlobalSection(ExtensibilityGlobals) = postSolution
		SolutionGuid = {447668B0-F41D-4635-A162-82F69CCACBA3}
	EndGlobalSection
EndGlobal
