
Microsoft Visual Studio Solution File, Format Version 12.00
# Visual Studio Version 16
VisualStudioVersion = 16.0.29020.237
MinimumVisualStudioVersion = 10.0.40219.1
Project("{FAE04EC0-301F-11D3-BF4B-00C04F79EFBC}") = "memberDAO", "memberDAO\memberDAO.csproj", "{51922CE1-B652-4368-9CEA-F50C0FEA9ADF}"
EndProject
Project("{9A19103F-16F7-4668-BE54-9A1E7A4F7556}") = "memberVO", "..\..\..\Desktop\memberVO\memberVO.csproj", "{299D8BD7-A91F-4E38-9430-77B3A41BF0D7}"
EndProject
Global
	GlobalSection(SolutionConfigurationPlatforms) = preSolution
		Debug|Any CPU = Debug|Any CPU
		Release|Any CPU = Release|Any CPU
	EndGlobalSection
	GlobalSection(ProjectConfigurationPlatforms) = postSolution
		{51922CE1-B652-4368-9CEA-F50C0FEA9ADF}.Debug|Any CPU.ActiveCfg = Debug|Any CPU
		{51922CE1-B652-4368-9CEA-F50C0FEA9ADF}.Debug|Any CPU.Build.0 = Debug|Any CPU
		{51922CE1-B652-4368-9CEA-F50C0FEA9ADF}.Release|Any CPU.ActiveCfg = Release|Any CPU
		{51922CE1-B652-4368-9CEA-F50C0FEA9ADF}.Release|Any CPU.Build.0 = Release|Any CPU
		{299D8BD7-A91F-4E38-9430-77B3A41BF0D7}.Debug|Any CPU.ActiveCfg = Debug|Any CPU
		{299D8BD7-A91F-4E38-9430-77B3A41BF0D7}.Debug|Any CPU.Build.0 = Debug|Any CPU
		{299D8BD7-A91F-4E38-9430-77B3A41BF0D7}.Release|Any CPU.ActiveCfg = Release|Any CPU
		{299D8BD7-A91F-4E38-9430-77B3A41BF0D7}.Release|Any CPU.Build.0 = Release|Any CPU
	EndGlobalSection
	GlobalSection(SolutionProperties) = preSolution
		HideSolutionNode = FALSE
	EndGlobalSection
	GlobalSection(ExtensibilityGlobals) = postSolution
		SolutionGuid = {D6D4F4F3-7463-4063-A533-389C8309964C}
	EndGlobalSection
EndGlobal
