
Microsoft Visual Studio Solution File, Format Version 12.00
# Blend for Visual Studio 15
VisualStudioVersion = 15.0.28307.645
MinimumVisualStudioVersion = 10.0.40219.1
Project("{FAE04EC0-301F-11D3-BF4B-00C04F79EFBC}") = "test", "test.csproj", "{26315B8E-00B6-4874-930A-476FEA8D6292}"
EndProject
Global
	GlobalSection(SolutionConfigurationPlatforms) = preSolution
		Debug|Any CPU = Debug|Any CPU
		Release|Any CPU = Release|Any CPU
	EndGlobalSection
	GlobalSection(ProjectConfigurationPlatforms) = postSolution
		{26315B8E-00B6-4874-930A-476FEA8D6292}.Debug|Any CPU.ActiveCfg = Debug|Any CPU
		{26315B8E-00B6-4874-930A-476FEA8D6292}.Debug|Any CPU.Build.0 = Debug|Any CPU
		{26315B8E-00B6-4874-930A-476FEA8D6292}.Release|Any CPU.ActiveCfg = Release|Any CPU
		{26315B8E-00B6-4874-930A-476FEA8D6292}.Release|Any CPU.Build.0 = Release|Any CPU
	EndGlobalSection
	GlobalSection(SolutionProperties) = preSolution
		HideSolutionNode = FALSE
	EndGlobalSection
	GlobalSection(ExtensibilityGlobals) = postSolution
		SolutionGuid = {DF16182D-C001-4585-91BE-3E4E33D1AC2F}
	EndGlobalSection
EndGlobal
