
Microsoft Visual Studio Solution File, Format Version 12.00
# Visual Studio Version 16
VisualStudioVersion = 16.0.29020.237
MinimumVisualStudioVersion = 10.0.40219.1
Project("{FAE04EC0-301F-11D3-BF4B-00C04F79EFBC}") = "MSGProject_Server", "MSGProject_Server\MSGProject_Server.csproj", "{30973752-E139-4D25-81FD-DD80CA3673D0}"
EndProject
Global
	GlobalSection(SolutionConfigurationPlatforms) = preSolution
		Debug|Any CPU = Debug|Any CPU
		Release|Any CPU = Release|Any CPU
	EndGlobalSection
	GlobalSection(ProjectConfigurationPlatforms) = postSolution
		{30973752-E139-4D25-81FD-DD80CA3673D0}.Debug|Any CPU.ActiveCfg = Debug|Any CPU
		{30973752-E139-4D25-81FD-DD80CA3673D0}.Debug|Any CPU.Build.0 = Debug|Any CPU
		{30973752-E139-4D25-81FD-DD80CA3673D0}.Release|Any CPU.ActiveCfg = Release|Any CPU
		{30973752-E139-4D25-81FD-DD80CA3673D0}.Release|Any CPU.Build.0 = Release|Any CPU
	EndGlobalSection
	GlobalSection(SolutionProperties) = preSolution
		HideSolutionNode = FALSE
	EndGlobalSection
	GlobalSection(ExtensibilityGlobals) = postSolution
		SolutionGuid = {90042C74-4D20-41F2-A466-23C9ACBC348F}
	EndGlobalSection
EndGlobal
