
Microsoft Visual Studio Solution File, Format Version 12.00
# Visual Studio Version 16
VisualStudioVersion = 16.0.29020.237
MinimumVisualStudioVersion = 10.0.40219.1
Project("{FAE04EC0-301F-11D3-BF4B-00C04F79EFBC}") = "viewModel", "viewModel\viewModel.csproj", "{0CEDDB99-36D2-4DE6-B37B-B2C8A6F5745D}"
EndProject
Project("{FAE04EC0-301F-11D3-BF4B-00C04F79EFBC}") = "memberVO", "..\memberVO\memberVO\memberVO.csproj", "{DD385BDA-ABC6-45A5-8D37-473662000AB3}"
EndProject
Project("{FAE04EC0-301F-11D3-BF4B-00C04F79EFBC}") = "memberDAO", "..\memberDAO\memberDAO\memberDAO.csproj", "{51922CE1-B652-4368-9CEA-F50C0FEA9ADF}"
EndProject
Global
	GlobalSection(SolutionConfigurationPlatforms) = preSolution
		Debug|Any CPU = Debug|Any CPU
		Release|Any CPU = Release|Any CPU
	EndGlobalSection
	GlobalSection(ProjectConfigurationPlatforms) = postSolution
		{0CEDDB99-36D2-4DE6-B37B-B2C8A6F5745D}.Debug|Any CPU.ActiveCfg = Debug|Any CPU
		{0CEDDB99-36D2-4DE6-B37B-B2C8A6F5745D}.Debug|Any CPU.Build.0 = Debug|Any CPU
		{0CEDDB99-36D2-4DE6-B37B-B2C8A6F5745D}.Release|Any CPU.ActiveCfg = Release|Any CPU
		{0CEDDB99-36D2-4DE6-B37B-B2C8A6F5745D}.Release|Any CPU.Build.0 = Release|Any CPU
		{DD385BDA-ABC6-45A5-8D37-473662000AB3}.Debug|Any CPU.ActiveCfg = Debug|Any CPU
		{DD385BDA-ABC6-45A5-8D37-473662000AB3}.Debug|Any CPU.Build.0 = Debug|Any CPU
		{DD385BDA-ABC6-45A5-8D37-473662000AB3}.Release|Any CPU.ActiveCfg = Release|Any CPU
		{DD385BDA-ABC6-45A5-8D37-473662000AB3}.Release|Any CPU.Build.0 = Release|Any CPU
		{51922CE1-B652-4368-9CEA-F50C0FEA9ADF}.Debug|Any CPU.ActiveCfg = Debug|Any CPU
		{51922CE1-B652-4368-9CEA-F50C0FEA9ADF}.Debug|Any CPU.Build.0 = Debug|Any CPU
		{51922CE1-B652-4368-9CEA-F50C0FEA9ADF}.Release|Any CPU.ActiveCfg = Release|Any CPU
		{51922CE1-B652-4368-9CEA-F50C0FEA9ADF}.Release|Any CPU.Build.0 = Release|Any CPU
	EndGlobalSection
	GlobalSection(SolutionProperties) = preSolution
		HideSolutionNode = FALSE
	EndGlobalSection
	GlobalSection(ExtensibilityGlobals) = postSolution
		SolutionGuid = {6C9FB10E-3E3E-4820-9163-B3A98E34B096}
	EndGlobalSection
EndGlobal
