
Microsoft Visual Studio Solution File, Format Version 12.00
# Visual Studio Version 16
VisualStudioVersion = 16.0.29025.244
MinimumVisualStudioVersion = 10.0.40219.1
Project("{FAE04EC0-301F-11D3-BF4B-00C04F79EFBC}") = "ViewModel", "ViewModel\ViewModel.csproj", "{8F9C9761-E57F-41B6-87E3-79CD221B2911}"
EndProject
Project("{FAE04EC0-301F-11D3-BF4B-00C04F79EFBC}") = "DAO", "..\DAO\DAO\DAO.csproj", "{CAD6B011-2BE7-4349-A602-AFB035E2680A}"
EndProject
Project("{FAE04EC0-301F-11D3-BF4B-00C04F79EFBC}") = "DTO", "..\DTO\DTO\DTO.csproj", "{D6218BCE-34E0-4953-8472-8E6094F3B1EB}"
EndProject
Global
	GlobalSection(SolutionConfigurationPlatforms) = preSolution
		Debug|Any CPU = Debug|Any CPU
		Release|Any CPU = Release|Any CPU
	EndGlobalSection
	GlobalSection(ProjectConfigurationPlatforms) = postSolution
		{8F9C9761-E57F-41B6-87E3-79CD221B2911}.Debug|Any CPU.ActiveCfg = Debug|Any CPU
		{8F9C9761-E57F-41B6-87E3-79CD221B2911}.Debug|Any CPU.Build.0 = Debug|Any CPU
		{8F9C9761-E57F-41B6-87E3-79CD221B2911}.Release|Any CPU.ActiveCfg = Release|Any CPU
		{8F9C9761-E57F-41B6-87E3-79CD221B2911}.Release|Any CPU.Build.0 = Release|Any CPU
		{CAD6B011-2BE7-4349-A602-AFB035E2680A}.Debug|Any CPU.ActiveCfg = Debug|Any CPU
		{CAD6B011-2BE7-4349-A602-AFB035E2680A}.Debug|Any CPU.Build.0 = Debug|Any CPU
		{CAD6B011-2BE7-4349-A602-AFB035E2680A}.Release|Any CPU.ActiveCfg = Release|Any CPU
		{CAD6B011-2BE7-4349-A602-AFB035E2680A}.Release|Any CPU.Build.0 = Release|Any CPU
		{D6218BCE-34E0-4953-8472-8E6094F3B1EB}.Debug|Any CPU.ActiveCfg = Debug|Any CPU
		{D6218BCE-34E0-4953-8472-8E6094F3B1EB}.Debug|Any CPU.Build.0 = Debug|Any CPU
		{D6218BCE-34E0-4953-8472-8E6094F3B1EB}.Release|Any CPU.ActiveCfg = Release|Any CPU
		{D6218BCE-34E0-4953-8472-8E6094F3B1EB}.Release|Any CPU.Build.0 = Release|Any CPU
	EndGlobalSection
	GlobalSection(SolutionProperties) = preSolution
		HideSolutionNode = FALSE
	EndGlobalSection
	GlobalSection(ExtensibilityGlobals) = postSolution
		SolutionGuid = {51373F2B-BD37-477C-97ED-D8383D2010B5}
	EndGlobalSection
EndGlobal
